PODS:
  - EGChainable (0.2.0):
    - EGChainable/Common (= 0.2.0)
    - EGChainable/Core (= 0.2.0)
  - EGChainable/Common (0.2.0):
    - EGChainable/Core
  - EGChainable/Core (0.2.0)
  - EGChainable/Other (0.2.0):
    - EGChainable/Core

DEPENDENCIES:
  - EGChainable (from `../`)
  - EGChainable/Other (from `../`)

EXTERNAL SOURCES:
  EGChainable:
    :path: "../"

SPEC CHECKSUMS:
  EGChainable: b2c344e27bcd1f452e09bd7a22c852f45a46d5b3

PODFILE CHECKSUM: 6174a5b08bf90052736707ca9a2a2387deb237d3

COCOAPODS: 1.11.3
