PODS:
  - EGChainable (0.1.8):
    - EGChainable/Common (= 0.1.8)
    - EGChainable/Core (= 0.1.8)
  - EGChainable/Common (0.1.8):
    - EGChainable/Core
  - EGChainable/Core (0.1.8)
  - EGChainable/Other (0.1.8):
    - EGChainable/Core

DEPENDENCIES:
  - EGChainable (from `../`)
  - EGChainable/Other (from `../`)

EXTERNAL SOURCES:
  EGChainable:
    :path: "../"

SPEC CHECKSUMS:
  EGChainable: 6bbe99a6640b6f0685e235ba1880d717215af72a

PODFILE CHECKSUM: 6174a5b08bf90052736707ca9a2a2387deb237d3

COCOAPODS: 1.11.3
